
Microsoft Visual Studio Solution File, Format Version 12.00
# Visual Studio Version 17
VisualStudioVersion = 17.7.34202.233
MinimumVisualStudioVersion = 10.0.40219.1
Project("{9A19103F-16F7-4668-BE54-9A1E7A4F7556}") = "RunGroops", "RunGroops\RunGroops.csproj", "{2F3F1A03-1499-4A8F-B5A4-802C3AC91BD5}"
EndProject
Project("{FAE04EC0-301F-11D3-BF4B-00C04F79EFBC}") = "RunGroops.Tests", "RunGroops.Tests\RunGroops.Tests.csproj", "{9647E080-2422-4FC2-A204-7932CF9BA0FA}"
EndProject
Global
	GlobalSection(SolutionConfigurationPlatforms) = preSolution
		Debug|Any CPU = Debug|Any CPU
		Release|Any CPU = Release|Any CPU
	EndGlobalSection
	GlobalSection(ProjectConfigurationPlatforms) = postSolution
		{2F3F1A03-1499-4A8F-B5A4-802C3AC91BD5}.Debug|Any CPU.ActiveCfg = Debug|Any CPU
		{2F3F1A03-1499-4A8F-B5A4-802C3AC91BD5}.Debug|Any CPU.Build.0 = Debug|Any CPU
		{2F3F1A03-1499-4A8F-B5A4-802C3AC91BD5}.Release|Any CPU.ActiveCfg = Release|Any CPU
		{2F3F1A03-1499-4A8F-B5A4-802C3AC91BD5}.Release|Any CPU.Build.0 = Release|Any CPU
		{9647E080-2422-4FC2-A204-7932CF9BA0FA}.Debug|Any CPU.ActiveCfg = Debug|Any CPU
		{9647E080-2422-4FC2-A204-7932CF9BA0FA}.Debug|Any CPU.Build.0 = Debug|Any CPU
		{9647E080-2422-4FC2-A204-7932CF9BA0FA}.Release|Any CPU.ActiveCfg = Release|Any CPU
		{9647E080-2422-4FC2-A204-7932CF9BA0FA}.Release|Any CPU.Build.0 = Release|Any CPU
	EndGlobalSection
	GlobalSection(SolutionProperties) = preSolution
		HideSolutionNode = FALSE
	EndGlobalSection
	GlobalSection(ExtensibilityGlobals) = postSolution
		SolutionGuid = {AB6FA7AA-F317-42B2-A098-0265921C9D2C}
	EndGlobalSection
EndGlobal
